{
  "version": 4,
  "terraform_version": "1.14.3",
  "serial": 1,
  "lineage": "16ef30c5-0150-f2dc-da92-dbb61f823da0",
  "outputs": {},
  "resources": [
    {
      "mode": "managed",
      "type": "local_file",
      "name": "my_pets",
      "provider": "provider[\"registry.terraform.io/hashicorp/local\"]",
      "instances": [
        {
          "schema_version": 0,
          "attributes": {
            "content": "I love pets",
            "content_base64": null,
            "content_base64sha256": "WV4wdQrbQkTPz8Md6bN9GAfCDnrCrvBJdVtsDl9YAXA=",
            "content_base64sha512": "2w2ZWJxSvfX3Pcmm0zEEnBZPp4uLNhVRAEYBgcdHCF2yb84PvhPknNxCC7ROOeqnzQR4lHOE4E6GQwMuWXGSqA==",
            "content_md5": "7bf74e12516f722308a9e6d4bb2f3b70",
            "content_sha1": "4246687863ee17bf4daf5fc376ab01222e989aca",
            "content_sha256": "595e30750adb4244cfcfc31de9b37d1807c20e7ac2aef049755b6c0e5f580170",
            "content_sha512": "db0d99589c52bdf5f73dc9a6d331049c164fa78b8b36155100460181c747085db26fce0fbe13e49cdc420bb44e39eaa7cd0478947384e04e8643032e597192a8",
            "directory_permission": "0777",
            "file_permission": "0777",
            "filename": "pets.txt",
            "id": "4246687863ee17bf4daf5fc376ab01222e989aca",
            "sensitive_content": null,
            "source": null
          },
          "sensitive_attributes": [
            [
              {
                "type": "get_attr",
                "value": "sensitive_content"
              }
            ]
          ],
          "identity_schema_version": 0
        }
      ]
    }
  ],
  "check_results": null
}
