{
  "version": 4,
  "terraform_version": "1.14.3",
  "serial": 14,
  "lineage": "16ef30c5-0150-f2dc-da92-dbb61f823da0",
  "outputs": {},
  "resources": [
    {
      "mode": "managed",
      "type": "local_file",
      "name": "my_pet",
      "provider": "provider[\"registry.terraform.io/hashicorp/local\"]",
      "instances": [
        {
          "schema_version": 0,
          "attributes": {
            "content": "I love Horses",
            "content_base64": null,
            "content_base64sha256": "eyn6dRw4+YpR0+dQ5WlxwCA1Cee21Pzwae2rR/pZK9Q=",
            "content_base64sha512": "E/VGzciBUQOZD4Q4OU/IQe5pMJpKkR8ur5sashNNDEjscshBtuown+QmPdNK4TM4e62JncUeFmCcH4kyxvklIw==",
            "content_md5": "0a940706d82f755711b5d34f1aedc0c7",
            "content_sha1": "b0686a93967181e459c0732b860349812d209b1e",
            "content_sha256": "7b29fa751c38f98a51d3e750e56971c0203509e7b6d4fcf069edab47fa592bd4",
            "content_sha512": "13f546cdc8815103990f8438394fc841ee69309a4a911f2eaf9b1ab2134d0c48ec72c841b6ea309fe4263dd34ae133387bad899dc51e16609c1f8932c6f92523",
            "directory_permission": "0777",
            "file_permission": "0777",
            "filename": "pet.txt",
            "id": "b0686a93967181e459c0732b860349812d209b1e",
            "sensitive_content": null,
            "source": null
          },
          "sensitive_attributes": [
            [
              {
                "type": "get_attr",
                "value": "sensitive_content"
              }
            ]
          ],
          "identity_schema_version": 0
        }
      ]
    },
    {
      "mode": "managed",
      "type": "random_pet",
      "name": "petname",
      "provider": "provider[\"registry.terraform.io/hashicorp/random\"]",
      "instances": [
        {
          "schema_version": 0,
          "attributes": {
            "id": "MR.seahorse",
            "keepers": null,
            "length": 1,
            "prefix": "MR",
            "separator": "."
          },
          "sensitive_attributes": [],
          "identity_schema_version": 0
        }
      ]
    }
  ],
  "check_results": null
}
